{
    "_readme": [
        "This file locks the dependencies of your project to a known state",
        "Read more about it at https://getcomposer.org/doc/01-basic-usage.md#composer-lock-the-lock-file",
        "This file is @generated automatically"
    ],
    "content-hash": "ed46a63da0e8e6c3a63882726fb0966c",
    "packages": [
        {
            "name": "components/bootstrap",
            "version": "4.1.1",
            "source": {
                "type": "git",
                "url": "https://github.com/components/bootstrap.git",
                "reference": "6c183f17f5d8fbfb38af412c5e0a52135f7d01c9"
            },
            "dist": {
                "type": "zip",
                "url": "https://api.github.com/repos/components/bootstrap/zipball/6c183f17f5d8fbfb38af412c5e0a52135f7d01c9",
                "reference": "6c183f17f5d8fbfb38af412c5e0a52135f7d01c9",
                "shasum": ""
            },
            "require": {
                "components/jquery": ">=2"
            },
            "type": "component",
            "extra": {
                "component": {
                    "scripts": [
                        "js/bootstrap.js"
                    ],
                    "files": [
                        "js/*.js",
                        "css/*.css",
                        "css/*.map"
                    ],
                    "shim": {
                        "deps": [
                            "jquery"
                        ]
                    }
                }
            },
            "notification-url": "https://packagist.org/downloads/",
            "license": [
                "MIT"
            ],
            "authors": [
                {
                    "name": "Jacob Thornton",
                    "email": "jacobthornton@gmail.com"
                },
                {
                    "name": "Mark Otto",
                    "email": "markdotto@gmail.com"
                }
            ],
            "description": "The most popular front-end framework for developing responsive, mobile first projects on the web.",
            "homepage": "http://getbootstrap.com",
            "keywords": [
                "css",
                "framework",
                "front-end",
                "mobile-first",
                "responsive",
                "sass",
                "web"
            ],
            "time": "2018-05-06T21:06:16+00:00"
        },
        {
            "name": "components/jquery",
            "version": "3.3.1",
            "source": {
                "type": "git",
                "url": "https://github.com/components/jquery.git",
                "reference": "459648cda77875519c5da3ae1dd0ed5d170aa649"
            },
            "dist": {
                "type": "zip",
                "url": "https://api.github.com/repos/components/jquery/zipball/459648cda77875519c5da3ae1dd0ed5d170aa649",
                "reference": "459648cda77875519c5da3ae1dd0ed5d170aa649",
                "shasum": ""
            },
            "type": "component",
            "extra": {
                "component": {
                    "scripts": [
                        "jquery.js"
                    ],
                    "files": [
                        "jquery.min.js",
                        "jquery.min.map",
                        "jquery.slim.js",
                        "jquery.slim.min.js",
                        "jquery.slim.min.map"
                    ]
                }
            },
            "notification-url": "https://packagist.org/downloads/",
            "license": [
                "MIT"
            ],
            "authors": [
                {
                    "name": "JS Foundation and other contributors"
                }
            ],
            "description": "jQuery JavaScript Library",
            "homepage": "http://jquery.com",
            "time": "2018-03-04T13:23:48+00:00"
        },
        {
            "name": "makeusabrew/bootbox",
            "version": "v4.x-dev",
            "source": {
                "type": "git",
                "url": "https://github.com/makeusabrew/bootbox.git",
                "reference": "023a60e4cbce52d4f2842260a5714dd9c026c105"
            },
            "dist": {
                "type": "zip",
                "url": "https://api.github.com/repos/makeusabrew/bootbox/zipball/023a60e4cbce52d4f2842260a5714dd9c026c105",
                "reference": "023a60e4cbce52d4f2842260a5714dd9c026c105",
                "shasum": ""
            },
            "require": {
                "components/bootstrap": "*"
            },
            "type": "component",
            "extra": {
                "component": {
                    "scripts": [
                        "bootbox.js"
                    ]
                }
            },
            "notification-url": "https://packagist.org/downloads/",
            "license": [
                "MIT"
            ],
            "authors": [
                {
                    "name": "Nick Payne",
                    "email": "nick@kurai.co.uk"
                }
            ],
            "description": "Wrappers for JavaScript alert(), confirm() and other flexible dialogs using the Bootstrap framework",
            "time": "2017-06-13T15:04:07+00:00"
        }
    ],
    "packages-dev": [],
    "aliases": [],
    "minimum-stability": "stable",
    "stability-flags": {
        "makeusabrew/bootbox": 20
    },
    "prefer-stable": false,
    "prefer-lowest": false,
    "platform": [],
    "platform-dev": []
}
